
Microsoft Visual Studio Solution File, Format Version 12.00
# Visual Studio Version 16
VisualStudioVersion = 16.0.30523.141
MinimumVisualStudioVersion = 10.0.40219.1
Project("{8BC9CEB8-8B4A-11D0-8D11-00A0C91BC942}") = "laser_on", "laser_on\laser_on.vcxproj", "{7002C515-F94A-4900-AF42-85A54CFCEABC}"
EndProject
Global
	GlobalSection(SolutionConfigurationPlatforms) = preSolution
		Debug|x64 = Debug|x64
		Debug|x86 = Debug|x86
		Release|x64 = Release|x64
		Release|x86 = Release|x86
	EndGlobalSection
	GlobalSection(ProjectConfigurationPlatforms) = postSolution
		{7002C515-F94A-4900-AF42-85A54CFCEABC}.Debug|x64.ActiveCfg = Debug|x64
		{7002C515-F94A-4900-AF42-85A54CFCEABC}.Debug|x64.Build.0 = Debug|x64
		{7002C515-F94A-4900-AF42-85A54CFCEABC}.Debug|x86.ActiveCfg = Debug|Win32
		{7002C515-F94A-4900-AF42-85A54CFCEABC}.Debug|x86.Build.0 = Debug|Win32
		{7002C515-F94A-4900-AF42-85A54CFCEABC}.Release|x64.ActiveCfg = Release|x64
		{7002C515-F94A-4900-AF42-85A54CFCEABC}.Release|x64.Build.0 = Release|x64
		{7002C515-F94A-4900-AF42-85A54CFCEABC}.Release|x86.ActiveCfg = Release|Win32
		{7002C515-F94A-4900-AF42-85A54CFCEABC}.Release|x86.Build.0 = Release|Win32
	EndGlobalSection
	GlobalSection(SolutionProperties) = preSolution
		HideSolutionNode = FALSE
	EndGlobalSection
	GlobalSection(ExtensibilityGlobals) = postSolution
		SolutionGuid = {84D14E04-4B83-4439-BA59-6AD5512A3D66}
	EndGlobalSection
EndGlobal
